// !$*UTF8*$!
{
	archiveVersion = 1;
	classes = {
	};
	objectVersion = 46;
	objects = {

/* Begin PBXBuildFile section */
		0E032D4D1BF6CB06009E4306 /* FileUtil.swift in Sources */ = {isa = PBXBuildFile; fileRef = 0E032D4C1BF6CB06009E4306 /* FileUtil.swift */; };
		0E4153551BF4C54B00998354 /* CommonUtil.h in Headers */ = {isa = PBXBuildFile; fileRef = 0E4153541BF4C54B00998354 /* CommonUtil.h */; settings = {ATTRIBUTES = (Public, ); }; };
		0E4153621BF4C5D000998354 /* DateUtil.swift in Sources */ = {isa = PBXBuildFile; fileRef = 0E41535E1BF4C5D000998354 /* DateUtil.swift */; };
		0E4153631BF4C5D000998354 /* DeviceInfoUtil.swift in Sources */ = {isa = PBXBuildFile; fileRef = 0E41535F1BF4C5D000998354 /* DeviceInfoUtil.swift */; };
		0E4153641BF4C5D000998354 /* KeychainUtil.swift in Sources */ = {isa = PBXBuildFile; fileRef = 0E4153601BF4C5D000998354 /* KeychainUtil.swift */; };
		0E4153651BF4C5D000998354 /* SystemUitil.swift in Sources */ = {isa = PBXBuildFile; fileRef = 0E4153611BF4C5D000998354 /* SystemUitil.swift */; };
/* End PBXBuildFile section */

/* Begin PBXFileReference section */
		0E032D4C1BF6CB06009E4306 /* FileUtil.swift */ = {isa = PBXFileReference; fileEncoding = 4; lastKnownFileType = sourcecode.swift; path = FileUtil.swift; sourceTree = "<group>"; };
		0E4153511BF4C54B00998354 /* CommonUtil.framework */ = {isa = PBXFileReference; explicitFileType = wrapper.framework; includeInIndex = 0; path = CommonUtil.framework; sourceTree = BUILT_PRODUCTS_DIR; };
		0E4153541BF4C54B00998354 /* CommonUtil.h */ = {isa = PBXFileReference; lastKnownFileType = sourcecode.c.h; path = CommonUtil.h; sourceTree = "<group>"; };
		0E4153561BF4C54B00998354 /* Info.plist */ = {isa = PBXFileReference; lastKnownFileType = text.plist.xml; path = Info.plist; sourceTree = "<group>"; };
		0E41535E1BF4C5D000998354 /* DateUtil.swift */ = {isa = PBXFileReference; fileEncoding = 4; lastKnownFileType = sourcecode.swift; path = DateUtil.swift; sourceTree = "<group>"; };
		0E41535F1BF4C5D000998354 /* DeviceInfoUtil.swift */ = {isa = PBXFileReference; fileEncoding = 4; lastKnownFileType = sourcecode.swift; path = DeviceInfoUtil.swift; sourceTree = "<group>"; };
		0E4153601BF4C5D000998354 /* KeychainUtil.swift */ = {isa = PBXFileReference; fileEncoding = 4; lastKnownFileType = sourcecode.swift; path = KeychainUtil.swift; sourceTree = "<group>"; };
		0E4153611BF4C5D000998354 /* SystemUitil.swift */ = {isa = PBXFileReference; fileEncoding = 4; lastKnownFileType = sourcecode.swift; path = SystemUitil.swift; sourceTree = "<group>"; };
/* End PBXFileReference section */

/* Begin PBXFrameworksBuildPhase section */
		0E41534D1BF4C54B00998354 /* Frameworks */ = {
			isa = PBXFrameworksBuildPhase;
			buildActionMask = 2147483647;
			files = (
			);
			runOnlyForDeploymentPostprocessing = 0;
		};
/* End PBXFrameworksBuildPhase section */

/* Begin PBXGroup section */
		0E4153471BF4C54B00998354 = {
			isa = PBXGroup;
			children = (
				0E4153531BF4C54B00998354 /* CommonUtil */,
				0E4153521BF4C54B00998354 /* Products */,
			);
			sourceTree = "<group>";
		};
		0E4153521BF4C54B00998354 /* Products */ = {
			isa = PBXGroup;
			children = (
				0E4153511BF4C54B00998354 /* CommonUtil.framework */,
			);
			name = Products;
			sourceTree = "<group>";
		};
		0E4153531BF4C54B00998354 /* CommonUtil */ = {
			isa = PBXGroup;
			children = (
				0E41535E1BF4C5D000998354 /* DateUtil.swift */,
				0E41535F1BF4C5D000998354 /* DeviceInfoUtil.swift */,
				0E4153601BF4C5D000998354 /* KeychainUtil.swift */,
				0E4153611BF4C5D000998354 /* SystemUitil.swift */,
				0E4153541BF4C54B00998354 /* CommonUtil.h */,
				0E4153561BF4C54B00998354 /* Info.plist */,
				0E032D4C1BF6CB06009E4306 /* FileUtil.swift */,
			);
			path = CommonUtil;
			sourceTree = "<group>";
		};
/* End PBXGroup section */

/* Begin PBXHeadersBuildPhase section */
		0E41534E1BF4C54B00998354 /* Headers */ = {
			isa = PBXHeadersBuildPhase;
			buildActionMask = 2147483647;
			files = (
				0E4153551BF4C54B00998354 /* CommonUtil.h in Headers */,
			);
			runOnlyForDeploymentPostprocessing = 0;
		};
/* End PBXHeadersBuildPhase section */

/* Begin PBXNativeTarget section */
		0E4153501BF4C54B00998354 /* CommonUtil */ = {
			isa = PBXNativeTarget;
			buildConfigurationList = 0E4153591BF4C54B00998354 /* Build configuration list for PBXNativeTarget "CommonUtil" */;
			buildPhases = (
				0E41534C1BF4C54B00998354 /* Sources */,
				0E41534D1BF4C54B00998354 /* Frameworks */,
				0E41534E1BF4C54B00998354 /* Headers */,
				0E41534F1BF4C54B00998354 /* Resources */,
			);
			buildRules = (
			);
			dependencies = (
			);
			name = CommonUtil;
			productName = CommonUtil;
			productReference = 0E4153511BF4C54B00998354 /* CommonUtil.framework */;
			productType = "com.apple.product-type.framework";
		};
/* End PBXNativeTarget section */

/* Begin PBXProject section */
		0E4153481BF4C54B00998354 /* Project object */ = {
			isa = PBXProject;
			attributes = {
				LastUpgradeCheck = 0710;
				ORGANIZATIONNAME = lijunjie;
				TargetAttributes = {
					0E4153501BF4C54B00998354 = {
						CreatedOnToolsVersion = 7.1;
					};
				};
			};
			buildConfigurationList = 0E41534B1BF4C54B00998354 /* Build configuration list for PBXProject "CommonUtil" */;
			compatibilityVersion = "Xcode 3.2";
			developmentRegion = English;
			hasScannedForEncodings = 0;
			knownRegions = (
				en,
			);
			mainGroup = 0E4153471BF4C54B00998354;
			productRefGroup = 0E4153521BF4C54B00998354 /* Products */;
			projectDirPath = "";
			projectRoot = "";
			targets = (
				0E4153501BF4C54B00998354 /* CommonUtil */,
			);
		};
/* End PBXProject section */

/* Begin PBXResourcesBuildPhase section */
		0E41534F1BF4C54B00998354 /* Resources */ = {
			isa = PBXResourcesBuildPhase;
			buildActionMask = 2147483647;
			files = (
			);
			runOnlyForDeploymentPostprocessing = 0;
		};
/* End PBXResourcesBuildPhase section */

/* Begin PBXSourcesBuildPhase section */
		0E41534C1BF4C54B00998354 /* Sources */ = {
			isa = PBXSourcesBuildPhase;
			buildActionMask = 2147483647;
			files = (
				0E4153651BF4C5D000998354 /* SystemUitil.swift in Sources */,
				0E4153621BF4C5D000998354 /* DateUtil.swift in Sources */,
				0E4153631BF4C5D000998354 /* DeviceInfoUtil.swift in Sources */,
				0E4153641BF4C5D000998354 /* KeychainUtil.swift in Sources */,
				0E032D4D1BF6CB06009E4306 /* FileUtil.swift in Sources */,
			);
			runOnlyForDeploymentPostprocessing = 0;
		};
/* End PBXSourcesBuildPhase section */

/* Begin XCBuildConfiguration section */
		0E4153571BF4C54B00998354 /* Debug */ = {
			isa = XCBuildConfiguration;
			buildSettings = {
				ALWAYS_SEARCH_USER_PATHS = NO;
				CLANG_CXX_LANGUAGE_STANDARD = "gnu++0x";
				CLANG_CXX_LIBRARY = "libc++";
				CLANG_ENABLE_MODULES = YES;
				CLANG_ENABLE_OBJC_ARC = YES;
				CLANG_WARN_BOOL_CONVERSION = YES;
				CLANG_WARN_CONSTANT_CONVERSION = YES;
				CLANG_WARN_DIRECT_OBJC_ISA_USAGE = YES_ERROR;
				CLANG_WARN_EMPTY_BODY = YES;
				CLANG_WARN_ENUM_CONVERSION = YES;
				CLANG_WARN_INT_CONVERSION = YES;
				CLANG_WARN_OBJC_ROOT_CLASS = YES_ERROR;
				CLANG_WARN_UNREACHABLE_CODE = YES;
				CLANG_WARN__DUPLICATE_METHOD_MATCH = YES;
				"CODE_SIGN_IDENTITY[sdk=iphoneos*]" = "iPhone Developer";
				COPY_PHASE_STRIP = NO;
				CURRENT_PROJECT_VERSION = 1;
				DEBUG_INFORMATION_FORMAT = dwarf;
				ENABLE_STRICT_OBJC_MSGSEND = YES;
				ENABLE_TESTABILITY = YES;
				GCC_C_LANGUAGE_STANDARD = gnu99;
				GCC_DYNAMIC_NO_PIC = NO;
				GCC_NO_COMMON_BLOCKS = YES;
				GCC_OPTIMIZATION_LEVEL = 0;
				GCC_PREPROCESSOR_DEFINITIONS = (
					"DEBUG=1",
					"$(inherited)",
				);
				GCC_WARN_64_TO_32_BIT_CONVERSION = YES;
				GCC_WARN_ABOUT_RETURN_TYPE = YES_ERROR;
				GCC_WARN_UNDECLARED_SELECTOR = YES;
				GCC_WARN_UNINITIALIZED_AUTOS = YES_AGGRESSIVE;
				GCC_WARN_UNUSED_FUNCTION = YES;
				GCC_WARN_UNUSED_VARIABLE = YES;
				IPHONEOS_DEPLOYMENT_TARGET = 9.1;
				MTL_ENABLE_DEBUG_INFO = YES;
				ONLY_ACTIVE_ARCH = YES;
				SDKROOT = iphoneos;
				SWIFT_OPTIMIZATION_LEVEL = "-Onone";
				TARGETED_DEVICE_FAMILY = "1,2";
				VERSIONING_SYSTEM = "apple-generic";
				VERSION_INFO_PREFIX = "";
			};
			name = Debug;
		};
		0E4153581BF4C54B00998354 /* Release */ = {
			isa = XCBuildConfiguration;
			buildSettings = {
				ALWAYS_SEARCH_USER_PATHS = NO;
				CLANG_CXX_LANGUAGE_STANDARD = "gnu++0x";
				CLANG_CXX_LIBRARY = "libc++";
				CLANG_ENABLE_MODULES = YES;
				CLANG_ENABLE_OBJC_ARC = YES;
				CLANG_WARN_BOOL_CONVERSION = YES;
				CLANG_WARN_CONSTANT_CONVERSION = YES;
				CLANG_WARN_DIRECT_OBJC_ISA_USAGE = YES_ERROR;
				CLANG_WARN_EMPTY_BODY = YES;
				CLANG_WARN_ENUM_CONVERSION = YES;
				CLANG_WARN_INT_CONVERSION = YES;
				CLANG_WARN_OBJC_ROOT_CLASS = YES_ERROR;
				CLANG_WARN_UNREACHABLE_CODE = YES;
				CLANG_WARN__DUPLICATE_METHOD_MATCH = YES;
				"CODE_SIGN_IDENTITY[sdk=iphoneos*]" = "iPhone Developer";
				COPY_PHASE_STRIP = NO;
				CURRENT_PROJECT_VERSION = 1;
				DEBUG_INFORMATION_FORMAT = "dwarf-with-dsym";
				ENABLE_NS_ASSERTIONS = NO;
				ENABLE_STRICT_OBJC_MSGSEND = YES;
				GCC_C_LANGUAGE_STANDARD = gnu99;
				GCC_NO_COMMON_BLOCKS = YES;
				GCC_WARN_64_TO_32_BIT_CONVERSION = YES;
				GCC_WARN_ABOUT_RETURN_TYPE = YES_ERROR;
				GCC_WARN_UNDECLARED_SELECTOR = YES;
				GCC_WARN_UNINITIALIZED_AUTOS = YES_AGGRESSIVE;
				GCC_WARN_UNUSED_FUNCTION = YES;
				GCC_WARN_UNUSED_VARIABLE = YES;
				IPHONEOS_DEPLOYMENT_TARGET = 9.1;
				MTL_ENABLE_DEBUG_INFO = NO;
				SDKROOT = iphoneos;
				TARGETED_DEVICE_FAMILY = "1,2";
				VALIDATE_PRODUCT = YES;
				VERSIONING_SYSTEM = "apple-generic";
				VERSION_INFO_PREFIX = "";
			};
			name = Release;
		};
		0E41535A1BF4C54B00998354 /* Debug */ = {
			isa = XCBuildConfiguration;
			buildSettings = {
				CLANG_ENABLE_MODULES = YES;
				DEFINES_MODULE = YES;
				DYLIB_COMPATIBILITY_VERSION = 1;
				DYLIB_CURRENT_VERSION = 1;
				DYLIB_INSTALL_NAME_BASE = "@rpath";
				INFOPLIST_FILE = CommonUtil/Info.plist;
				INSTALL_PATH = "$(LOCAL_LIBRARY_DIR)/Frameworks";
				LD_RUNPATH_SEARCH_PATHS = "$(inherited) @executable_path/Frameworks @loader_path/Frameworks";
				PRODUCT_BUNDLE_IDENTIFIER = com.itlijunjie.CommonUtil;
				PRODUCT_NAME = "$(TARGET_NAME)";
				SKIP_INSTALL = YES;
				SWIFT_OPTIMIZATION_LEVEL = "-Onone";
			};
			name = Debug;
		};
		0E41535B1BF4C54B00998354 /* Release */ = {
			isa = XCBuildConfiguration;
			buildSettings = {
				CLANG_ENABLE_MODULES = YES;
				DEFINES_MODULE = YES;
				DYLIB_COMPATIBILITY_VERSION = 1;
				DYLIB_CURRENT_VERSION = 1;
				DYLIB_INSTALL_NAME_BASE = "@rpath";
				INFOPLIST_FILE = CommonUtil/Info.plist;
				INSTALL_PATH = "$(LOCAL_LIBRARY_DIR)/Frameworks";
				LD_RUNPATH_SEARCH_PATHS = "$(inherited) @executable_path/Frameworks @loader_path/Frameworks";
				PRODUCT_BUNDLE_IDENTIFIER = com.itlijunjie.CommonUtil;
				PRODUCT_NAME = "$(TARGET_NAME)";
				SKIP_INSTALL = YES;
			};
			name = Release;
		};
/* End XCBuildConfiguration section */

/* Begin XCConfigurationList section */
		0E41534B1BF4C54B00998354 /* Build configuration list for PBXProject "CommonUtil" */ = {
			isa = XCConfigurationList;
			buildConfigurations = (
				0E4153571BF4C54B00998354 /* Debug */,
				0E4153581BF4C54B00998354 /* Release */,
			);
			defaultConfigurationIsVisible = 0;
			defaultConfigurationName = Release;
		};
		0E4153591BF4C54B00998354 /* Build configuration list for PBXNativeTarget "CommonUtil" */ = {
			isa = XCConfigurationList;
			buildConfigurations = (
				0E41535A1BF4C54B00998354 /* Debug */,
				0E41535B1BF4C54B00998354 /* Release */,
			);
			defaultConfigurationIsVisible = 0;
			defaultConfigurationName = Release;
		};
/* End XCConfigurationList section */
	};
	rootObject = 0E4153481BF4C54B00998354 /* Project object */;
}
